// !$*UTF8*$!
{
	archiveVersion = 1;
	classes = {
	};
	objectVersion = 46;
	objects = {

/* Begin PBXBuildFile section */
		8C1251DA1AE8D38E00FA493E /* MLActivationFunctionType.h in Headers */ = {isa = PBXBuildFile; fileRef = 8C1251CB1AE8D38E00FA493E /* MLActivationFunctionType.h */; settings = {ATTRIBUTES = (Public, ); }; };
		8C1251DB1AE8D38E00FA493E /* MLInputLayer.h in Headers */ = {isa = PBXBuildFile; fileRef = 8C1251CC1AE8D38E00FA493E /* MLInputLayer.h */; settings = {ATTRIBUTES = (Public, ); }; };
		8C1251DC1AE8D38E00FA493E /* MLInputLayer.m in Sources */ = {isa = PBXBuildFile; fileRef = 8C1251CD1AE8D38E00FA493E /* MLInputLayer.m */; };
		8C1251DD1AE8D38E00FA493E /* MLLayer.h in Headers */ = {isa = PBXBuildFile; fileRef = 8C1251CE1AE8D38E00FA493E /* MLLayer.h */; settings = {ATTRIBUTES = (Public, ); }; };
		8C1251DE1AE8D38E00FA493E /* MLLayer.m in Sources */ = {isa = PBXBuildFile; fileRef = 8C1251CF1AE8D38E00FA493E /* MLLayer.m */; };
		8C1251DF1AE8D38E00FA493E /* MLNeuralNetwork.h in Headers */ = {isa = PBXBuildFile; fileRef = 8C1251D01AE8D38E00FA493E /* MLNeuralNetwork.h */; settings = {ATTRIBUTES = (Public, ); }; };
		8C1251E01AE8D38E00FA493E /* MLNeuralNetwork.m in Sources */ = {isa = PBXBuildFile; fileRef = 8C1251D11AE8D38E00FA493E /* MLNeuralNetwork.m */; };
		8C1251E11AE8D38E00FA493E /* MLNeuralNetworkException.h in Headers */ = {isa = PBXBuildFile; fileRef = 8C1251D21AE8D38E00FA493E /* MLNeuralNetworkException.h */; settings = {ATTRIBUTES = (Public, ); }; };
		8C1251E21AE8D38E00FA493E /* MLNeuralNetworkException.m in Sources */ = {isa = PBXBuildFile; fileRef = 8C1251D31AE8D38E00FA493E /* MLNeuralNetworkException.m */; };
		8C1251E41AE8D38E00FA493E /* MLNeuralNetworkStatus.h in Headers */ = {isa = PBXBuildFile; fileRef = 8C1251D51AE8D38E00FA493E /* MLNeuralNetworkStatus.h */; settings = {ATTRIBUTES = (Public, ); }; };
		8C1251E51AE8D38E00FA493E /* MLNeuron.h in Headers */ = {isa = PBXBuildFile; fileRef = 8C1251D61AE8D38E00FA493E /* MLNeuron.h */; settings = {ATTRIBUTES = (Public, ); }; };
		8C1251E61AE8D38E00FA493E /* MLNeuron.m in Sources */ = {isa = PBXBuildFile; fileRef = 8C1251D71AE8D38E00FA493E /* MLNeuron.m */; };
		8C1251E71AE8D38E00FA493E /* MLNeuronLayer.h in Headers */ = {isa = PBXBuildFile; fileRef = 8C1251D81AE8D38E00FA493E /* MLNeuronLayer.h */; settings = {ATTRIBUTES = (Public, ); }; };
		8C1251E81AE8D38E00FA493E /* MLNeuronLayer.m in Sources */ = {isa = PBXBuildFile; fileRef = 8C1251D91AE8D38E00FA493E /* MLNeuronLayer.m */; };
		8C1251EC1AE8D4BE00FA493E /* MLBagOfWords.h in Headers */ = {isa = PBXBuildFile; fileRef = 8C1251EA1AE8D4BE00FA493E /* MLBagOfWords.h */; settings = {ATTRIBUTES = (Public, ); }; };
		8C1251ED1AE8D4BE00FA493E /* MLBagOfWords.m in Sources */ = {isa = PBXBuildFile; fileRef = 8C1251EB1AE8D4BE00FA493E /* MLBagOfWords.m */; };
		8C4CEF1E1ADAC51200F1E139 /* MAChineLearning.h in Headers */ = {isa = PBXBuildFile; fileRef = 8C4CEF1D1ADAC51200F1E139 /* MAChineLearning.h */; settings = {ATTRIBUTES = (Public, ); }; };
		8C4CEF241ADAC51200F1E139 /* MAChineLearning.framework in Frameworks */ = {isa = PBXBuildFile; fileRef = 8C4CEF181ADAC51200F1E139 /* MAChineLearning.framework */; };
		8C4CEF2B1ADAC51200F1E139 /* NeuralNetTests.m in Sources */ = {isa = PBXBuildFile; fileRef = 8C4CEF2A1ADAC51200F1E139 /* NeuralNetTests.m */; };
		8C58A30E1AECD275006AB74D /* MLTextFragment.h in Headers */ = {isa = PBXBuildFile; fileRef = 8C58A30C1AECD275006AB74D /* MLTextFragment.h */; };
		8C58A30F1AECD275006AB74D /* MLTextFragment.m in Sources */ = {isa = PBXBuildFile; fileRef = 8C58A30D1AECD275006AB74D /* MLTextFragment.m */; };
		8C58A3171AECDAA3006AB74D /* main.m in Sources */ = {isa = PBXBuildFile; fileRef = 8C58A3161AECDAA3006AB74D /* main.m */; };
		8C58A31C1AECECC5006AB74D /* MLStopWords.h in Headers */ = {isa = PBXBuildFile; fileRef = 8C58A31B1AECDF9D006AB74D /* MLStopWords.h */; };
		8C58A31E1AED4DE8006AB74D /* BagOfWordsTests.m in Sources */ = {isa = PBXBuildFile; fileRef = 8C58A31D1AED4DE8006AB74D /* BagOfWordsTests.m */; };
		8C76573E1B01E89D00D248A6 /* NeuralNetSwiftTests.swift in Sources */ = {isa = PBXBuildFile; fileRef = 8C4E43A31AE56DCF005FD73D /* NeuralNetSwiftTests.swift */; };
		8C94CBFF1AE91C0800A0A328 /* MLFeatureNormalizationType.h in Headers */ = {isa = PBXBuildFile; fileRef = 8C94CBFE1AE91C0800A0A328 /* MLFeatureNormalizationType.h */; settings = {ATTRIBUTES = (Public, ); }; };
		8C94CC011AE91CEE00A0A328 /* MLWordExtractorType.h in Headers */ = {isa = PBXBuildFile; fileRef = 8C94CC001AE91CEE00A0A328 /* MLWordExtractorType.h */; settings = {ATTRIBUTES = (Public, ); }; };
		8CA8CE8C1AF75074006D5351 /* main.m in Sources */ = {isa = PBXBuildFile; fileRef = 8CA8CE8B1AF75074006D5351 /* main.m */; };
		8CC9E4DC1AE9843B002659EA /* MLWordExtractorOption.h in Headers */ = {isa = PBXBuildFile; fileRef = 8CC9E4DB1AE9843B002659EA /* MLWordExtractorOption.h */; settings = {ATTRIBUTES = (Public, ); }; };
		8CC9E4DF1AE985F4002659EA /* NSString+WordUtils.h in Headers */ = {isa = PBXBuildFile; fileRef = 8CC9E4DD1AE985F4002659EA /* NSString+WordUtils.h */; };
		8CC9E4E01AE985F4002659EA /* NSString+WordUtils.m in Sources */ = {isa = PBXBuildFile; fileRef = 8CC9E4DE1AE985F4002659EA /* NSString+WordUtils.m */; };
		8CC9E4E31AE988AE002659EA /* MLReal.h in Headers */ = {isa = PBXBuildFile; fileRef = 8CC9E4E21AE988AE002659EA /* MLReal.h */; settings = {ATTRIBUTES = (Public, ); }; };
		8CC9E4E61AE98DAE002659EA /* MLBagOfWordsException.h in Headers */ = {isa = PBXBuildFile; fileRef = 8CC9E4E41AE98DAE002659EA /* MLBagOfWordsException.h */; settings = {ATTRIBUTES = (Public, ); }; };
		8CC9E4E71AE98DAE002659EA /* MLBagOfWordsException.m in Sources */ = {isa = PBXBuildFile; fileRef = 8CC9E4E51AE98DAE002659EA /* MLBagOfWordsException.m */; };
		8CC9E4EB1AE9981D002659EA /* MLConstants.h in Headers */ = {isa = PBXBuildFile; fileRef = 8CC9E4EA1AE990AA002659EA /* MLConstants.h */; settings = {ATTRIBUTES = (Public, ); }; };
		8CE464601AF8A376002A11DD /* MAChineLearning.framework in Frameworks */ = {isa = PBXBuildFile; fileRef = 8C4CEF181ADAC51200F1E139 /* MAChineLearning.framework */; };
		8CF8D52E1AFF3CD8008FA0AC /* IOLineReader.h in Headers */ = {isa = PBXBuildFile; fileRef = 8CF8D52C1AFF3CD8008FA0AC /* IOLineReader.h */; settings = {ATTRIBUTES = (Public, ); }; };
		8CF8D52F1AFF3CD8008FA0AC /* IOLineReader.m in Sources */ = {isa = PBXBuildFile; fileRef = 8CF8D52D1AFF3CD8008FA0AC /* IOLineReader.m */; };
		8CF8D5321AFF3E76008FA0AC /* IOLineWriter.h in Headers */ = {isa = PBXBuildFile; fileRef = 8CF8D5301AFF3E76008FA0AC /* IOLineWriter.h */; settings = {ATTRIBUTES = (Public, ); }; };
		8CF8D5331AFF3E76008FA0AC /* IOLineWriter.m in Sources */ = {isa = PBXBuildFile; fileRef = 8CF8D5311AFF3E76008FA0AC /* IOLineWriter.m */; };
		8CF8D54E1AFF6CE0008FA0AC /* MLWordInfo.h in Headers */ = {isa = PBXBuildFile; fileRef = 8CF8D54C1AFF6CE0008FA0AC /* MLWordInfo.h */; settings = {ATTRIBUTES = (Public, ); }; };
		8CF8D54F1AFF6CE0008FA0AC /* MLWordInfo.m in Sources */ = {isa = PBXBuildFile; fileRef = 8CF8D54D1AFF6CE0008FA0AC /* MLWordInfo.m */; };
		8CF8D5521AFF732F008FA0AC /* MLWordDictionary.h in Headers */ = {isa = PBXBuildFile; fileRef = 8CF8D5501AFF732F008FA0AC /* MLWordDictionary.h */; settings = {ATTRIBUTES = (Public, ); }; };
		8CF8D5531AFF732F008FA0AC /* MLWordDictionary.m in Sources */ = {isa = PBXBuildFile; fileRef = 8CF8D5511AFF732F008FA0AC /* MLWordDictionary.m */; };
/* End PBXBuildFile section */

/* Begin PBXContainerItemProxy section */
		8C4CEF251ADAC51200F1E139 /* PBXContainerItemProxy */ = {
			isa = PBXContainerItemProxy;
			containerPortal = 8C4CEF0F1ADAC51200F1E139 /* Project object */;
			proxyType = 1;
			remoteGlobalIDString = 8C4CEF171ADAC51200F1E139;
			remoteInfo = MAChineLearning;
		};
/* End PBXContainerItemProxy section */

/* Begin PBXCopyFilesBuildPhase section */
		8C58A3121AECDAA3006AB74D /* CopyFiles */ = {
			isa = PBXCopyFilesBuildPhase;
			buildActionMask = 2147483647;
			dstPath = /usr/share/man/man1/;
			dstSubfolderSpec = 0;
			files = (
			);
			runOnlyForDeploymentPostprocessing = 1;
		};
		8CA8CE871AF75074006D5351 /* CopyFiles */ = {
			isa = PBXCopyFilesBuildPhase;
			buildActionMask = 2147483647;
			dstPath = /usr/share/man/man1/;
			dstSubfolderSpec = 0;
			files = (
			);
			runOnlyForDeploymentPostprocessing = 1;
		};
/* End PBXCopyFilesBuildPhase section */

/* Begin PBXFileReference section */
		8C1251CB1AE8D38E00FA493E /* MLActivationFunctionType.h */ = {isa = PBXFileReference; fileEncoding = 4; lastKnownFileType = sourcecode.c.h; path = MLActivationFunctionType.h; sourceTree = "<group>"; };
		8C1251CC1AE8D38E00FA493E /* MLInputLayer.h */ = {isa = PBXFileReference; fileEncoding = 4; lastKnownFileType = sourcecode.c.h; path = MLInputLayer.h; sourceTree = "<group>"; };
		8C1251CD1AE8D38E00FA493E /* MLInputLayer.m */ = {isa = PBXFileReference; fileEncoding = 4; lastKnownFileType = sourcecode.c.objc; path = MLInputLayer.m; sourceTree = "<group>"; };
		8C1251CE1AE8D38E00FA493E /* MLLayer.h */ = {isa = PBXFileReference; fileEncoding = 4; lastKnownFileType = sourcecode.c.h; path = MLLayer.h; sourceTree = "<group>"; };
		8C1251CF1AE8D38E00FA493E /* MLLayer.m */ = {isa = PBXFileReference; fileEncoding = 4; lastKnownFileType = sourcecode.c.objc; path = MLLayer.m; sourceTree = "<group>"; };
		8C1251D01AE8D38E00FA493E /* MLNeuralNetwork.h */ = {isa = PBXFileReference; fileEncoding = 4; lastKnownFileType = sourcecode.c.h; path = MLNeuralNetwork.h; sourceTree = "<group>"; };
		8C1251D11AE8D38E00FA493E /* MLNeuralNetwork.m */ = {isa = PBXFileReference; fileEncoding = 4; lastKnownFileType = sourcecode.c.objc; path = MLNeuralNetwork.m; sourceTree = "<group>"; };
		8C1251D21AE8D38E00FA493E /* MLNeuralNetworkException.h */ = {isa = PBXFileReference; fileEncoding = 4; lastKnownFileType = sourcecode.c.h; path = MLNeuralNetworkException.h; sourceTree = "<group>"; };
		8C1251D31AE8D38E00FA493E /* MLNeuralNetworkException.m */ = {isa = PBXFileReference; fileEncoding = 4; lastKnownFileType = sourcecode.c.objc; path = MLNeuralNetworkException.m; sourceTree = "<group>"; };
		8C1251D51AE8D38E00FA493E /* MLNeuralNetworkStatus.h */ = {isa = PBXFileReference; fileEncoding = 4; lastKnownFileType = sourcecode.c.h; path = MLNeuralNetworkStatus.h; sourceTree = "<group>"; };
		8C1251D61AE8D38E00FA493E /* MLNeuron.h */ = {isa = PBXFileReference; fileEncoding = 4; lastKnownFileType = sourcecode.c.h; path = MLNeuron.h; sourceTree = "<group>"; };
		8C1251D71AE8D38E00FA493E /* MLNeuron.m */ = {isa = PBXFileReference; fileEncoding = 4; lastKnownFileType = sourcecode.c.objc; path = MLNeuron.m; sourceTree = "<group>"; };
		8C1251D81AE8D38E00FA493E /* MLNeuronLayer.h */ = {isa = PBXFileReference; fileEncoding = 4; lastKnownFileType = sourcecode.c.h; path = MLNeuronLayer.h; sourceTree = "<group>"; };
		8C1251D91AE8D38E00FA493E /* MLNeuronLayer.m */ = {isa = PBXFileReference; fileEncoding = 4; lastKnownFileType = sourcecode.c.objc; path = MLNeuronLayer.m; sourceTree = "<group>"; };
		8C1251EA1AE8D4BE00FA493E /* MLBagOfWords.h */ = {isa = PBXFileReference; fileEncoding = 4; lastKnownFileType = sourcecode.c.h; path = MLBagOfWords.h; sourceTree = "<group>"; };
		8C1251EB1AE8D4BE00FA493E /* MLBagOfWords.m */ = {isa = PBXFileReference; fileEncoding = 4; lastKnownFileType = sourcecode.c.objc; path = MLBagOfWords.m; sourceTree = "<group>"; };
		8C4CEF181ADAC51200F1E139 /* MAChineLearning.framework */ = {isa = PBXFileReference; explicitFileType = wrapper.framework; includeInIndex = 0; path = MAChineLearning.framework; sourceTree = BUILT_PRODUCTS_DIR; };
		8C4CEF1C1ADAC51200F1E139 /* Info.plist */ = {isa = PBXFileReference; lastKnownFileType = text.plist.xml; path = Info.plist; sourceTree = "<group>"; };
		8C4CEF1D1ADAC51200F1E139 /* MAChineLearning.h */ = {isa = PBXFileReference; lastKnownFileType = sourcecode.c.h; path = MAChineLearning.h; sourceTree = "<group>"; };
		8C4CEF231ADAC51200F1E139 /* MAChineLearningTests.xctest */ = {isa = PBXFileReference; explicitFileType = wrapper.cfbundle; includeInIndex = 0; path = MAChineLearningTests.xctest; sourceTree = BUILT_PRODUCTS_DIR; };
		8C4CEF291ADAC51200F1E139 /* Info.plist */ = {isa = PBXFileReference; lastKnownFileType = text.plist.xml; path = Info.plist; sourceTree = "<group>"; };
		8C4CEF2A1ADAC51200F1E139 /* NeuralNetTests.m */ = {isa = PBXFileReference; lastKnownFileType = sourcecode.c.objc; path = NeuralNetTests.m; sourceTree = "<group>"; };
		8C4CEF581ADACE4500F1E139 /* LICENSE */ = {isa = PBXFileReference; fileEncoding = 4; lastKnownFileType = text; path = LICENSE; sourceTree = "<group>"; };
		8C4CEF591ADACE4500F1E139 /* README.md */ = {isa = PBXFileReference; fileEncoding = 4; lastKnownFileType = net.daringfireball.markdown; path = README.md; sourceTree = "<group>"; };
		8C4CEF5E1ADAED9300F1E139 /* 3-Input Perceptron.png */ = {isa = PBXFileReference; lastKnownFileType = image.png; path = "3-Input Perceptron.png"; sourceTree = "<group>"; };
		8C4CEF5F1ADAED9300F1E139 /* Network States.png */ = {isa = PBXFileReference; lastKnownFileType = image.png; path = "Network States.png"; sourceTree = "<group>"; };
		8C4E43A21AE56DCF005FD73D /* MAChineLearningTests-Bridging-Header.h */ = {isa = PBXFileReference; lastKnownFileType = sourcecode.c.h; path = "MAChineLearningTests-Bridging-Header.h"; sourceTree = "<group>"; };
		8C4E43A31AE56DCF005FD73D /* NeuralNetSwiftTests.swift */ = {isa = PBXFileReference; fileEncoding = 4; lastKnownFileType = sourcecode.swift; path = NeuralNetSwiftTests.swift; sourceTree = "<group>"; };
		8C58A30C1AECD275006AB74D /* MLTextFragment.h */ = {isa = PBXFileReference; fileEncoding = 4; lastKnownFileType = sourcecode.c.h; path = MLTextFragment.h; sourceTree = "<group>"; };
		8C58A30D1AECD275006AB74D /* MLTextFragment.m */ = {isa = PBXFileReference; fileEncoding = 4; lastKnownFileType = sourcecode.c.objc; path = MLTextFragment.m; sourceTree = "<group>"; };
		8C58A3141AECDAA3006AB74D /* StopWordsGen */ = {isa = PBXFileReference; explicitFileType = "compiled.mach-o.executable"; includeInIndex = 0; path = StopWordsGen; sourceTree = BUILT_PRODUCTS_DIR; };
		8C58A3161AECDAA3006AB74D /* main.m */ = {isa = PBXFileReference; lastKnownFileType = sourcecode.c.objc; path = main.m; sourceTree = "<group>"; };
		8C58A31B1AECDF9D006AB74D /* MLStopWords.h */ = {isa = PBXFileReference; lastKnownFileType = sourcecode.c.h; path = MLStopWords.h; sourceTree = "<group>"; };
		8C58A31D1AED4DE8006AB74D /* BagOfWordsTests.m */ = {isa = PBXFileReference; fileEncoding = 4; lastKnownFileType = sourcecode.c.objc; path = BagOfWordsTests.m; sourceTree = "<group>"; };
		8C94CBFE1AE91C0800A0A328 /* MLFeatureNormalizationType.h */ = {isa = PBXFileReference; fileEncoding = 4; lastKnownFileType = sourcecode.c.h; path = MLFeatureNormalizationType.h; sourceTree = "<group>"; };
		8C94CC001AE91CEE00A0A328 /* MLWordExtractorType.h */ = {isa = PBXFileReference; fileEncoding = 4; lastKnownFileType = sourcecode.c.h; path = MLWordExtractorType.h; sourceTree = "<group>"; };
		8CA8CE891AF75074006D5351 /* Word2vec */ = {isa = PBXFileReference; explicitFileType = "compiled.mach-o.executable"; includeInIndex = 0; path = Word2vec; sourceTree = BUILT_PRODUCTS_DIR; };
		8CA8CE8B1AF75074006D5351 /* main.m */ = {isa = PBXFileReference; lastKnownFileType = sourcecode.c.objc; path = main.m; sourceTree = "<group>"; };
		8CC9E4DB1AE9843B002659EA /* MLWordExtractorOption.h */ = {isa = PBXFileReference; fileEncoding = 4; lastKnownFileType = sourcecode.c.h; path = MLWordExtractorOption.h; sourceTree = "<group>"; };
		8CC9E4DD1AE985F4002659EA /* NSString+WordUtils.h */ = {isa = PBXFileReference; fileEncoding = 4; lastKnownFileType = sourcecode.c.h; path = "NSString+WordUtils.h"; sourceTree = "<group>"; };
		8CC9E4DE1AE985F4002659EA /* NSString+WordUtils.m */ = {isa = PBXFileReference; fileEncoding = 4; lastKnownFileType = sourcecode.c.objc; path = "NSString+WordUtils.m"; sourceTree = "<group>"; };
		8CC9E4E21AE988AE002659EA /* MLReal.h */ = {isa = PBXFileReference; fileEncoding = 4; lastKnownFileType = sourcecode.c.h; path = MLReal.h; sourceTree = "<group>"; };
		8CC9E4E41AE98DAE002659EA /* MLBagOfWordsException.h */ = {isa = PBXFileReference; fileEncoding = 4; lastKnownFileType = sourcecode.c.h; path = MLBagOfWordsException.h; sourceTree = "<group>"; };
		8CC9E4E51AE98DAE002659EA /* MLBagOfWordsException.m */ = {isa = PBXFileReference; fileEncoding = 4; lastKnownFileType = sourcecode.c.objc; path = MLBagOfWordsException.m; sourceTree = "<group>"; };
		8CC9E4EA1AE990AA002659EA /* MLConstants.h */ = {isa = PBXFileReference; lastKnownFileType = sourcecode.c.h; path = MLConstants.h; sourceTree = "<group>"; };
		8CF8D52C1AFF3CD8008FA0AC /* IOLineReader.h */ = {isa = PBXFileReference; fileEncoding = 4; lastKnownFileType = sourcecode.c.h; path = IOLineReader.h; sourceTree = "<group>"; };
		8CF8D52D1AFF3CD8008FA0AC /* IOLineReader.m */ = {isa = PBXFileReference; fileEncoding = 4; lastKnownFileType = sourcecode.c.objc; path = IOLineReader.m; sourceTree = "<group>"; };
		8CF8D5301AFF3E76008FA0AC /* IOLineWriter.h */ = {isa = PBXFileReference; fileEncoding = 4; lastKnownFileType = sourcecode.c.h; path = IOLineWriter.h; sourceTree = "<group>"; };
		8CF8D5311AFF3E76008FA0AC /* IOLineWriter.m */ = {isa = PBXFileReference; fileEncoding = 4; lastKnownFileType = sourcecode.c.objc; path = IOLineWriter.m; sourceTree = "<group>"; };
		8CF8D54C1AFF6CE0008FA0AC /* MLWordInfo.h */ = {isa = PBXFileReference; fileEncoding = 4; lastKnownFileType = sourcecode.c.h; path = MLWordInfo.h; sourceTree = "<group>"; };
		8CF8D54D1AFF6CE0008FA0AC /* MLWordInfo.m */ = {isa = PBXFileReference; fileEncoding = 4; lastKnownFileType = sourcecode.c.objc; path = MLWordInfo.m; sourceTree = "<group>"; };
		8CF8D5501AFF732F008FA0AC /* MLWordDictionary.h */ = {isa = PBXFileReference; fileEncoding = 4; lastKnownFileType = sourcecode.c.h; path = MLWordDictionary.h; sourceTree = "<group>"; };
		8CF8D5511AFF732F008FA0AC /* MLWordDictionary.m */ = {isa = PBXFileReference; fileEncoding = 4; lastKnownFileType = sourcecode.c.objc; path = MLWordDictionary.m; sourceTree = "<group>"; };
		8CF961F91AF66C240071A995 /* NeuralNets.md */ = {isa = PBXFileReference; lastKnownFileType = net.daringfireball.markdown; path = NeuralNets.md; sourceTree = "<group>"; };
		8CF961FA1AF66FEE0071A995 /* BagOfWords.md */ = {isa = PBXFileReference; lastKnownFileType = net.daringfireball.markdown; path = BagOfWords.md; sourceTree = "<group>"; };
		8CF961FC1AF690420071A995 /* Bag Of Words Norm Example.png */ = {isa = PBXFileReference; lastKnownFileType = image.png; path = "Bag Of Words Norm Example.png"; sourceTree = SOURCE_ROOT; };
/* End PBXFileReference section */

/* Begin PBXFrameworksBuildPhase section */
		8C4CEF141ADAC51200F1E139 /* Frameworks */ = {
			isa = PBXFrameworksBuildPhase;
			buildActionMask = 2147483647;
			files = (
			);
			runOnlyForDeploymentPostprocessing = 0;
		};
		8C4CEF201ADAC51200F1E139 /* Frameworks */ = {
			isa = PBXFrameworksBuildPhase;
			buildActionMask = 2147483647;
			files = (
				8C4CEF241ADAC51200F1E139 /* MAChineLearning.framework in Frameworks */,
			);
			runOnlyForDeploymentPostprocessing = 0;
		};
		8C58A3111AECDAA3006AB74D /* Frameworks */ = {
			isa = PBXFrameworksBuildPhase;
			buildActionMask = 2147483647;
			files = (
			);
			runOnlyForDeploymentPostprocessing = 0;
		};
		8CA8CE861AF75074006D5351 /* Frameworks */ = {
			isa = PBXFrameworksBuildPhase;
			buildActionMask = 2147483647;
			files = (
				8CE464601AF8A376002A11DD /* MAChineLearning.framework in Frameworks */,
			);
			runOnlyForDeploymentPostprocessing = 0;
		};
/* End PBXFrameworksBuildPhase section */

/* Begin PBXGroup section */
		8C1251CA1AE8D2FF00FA493E /* NeuralNets */ = {
			isa = PBXGroup;
			children = (
				8C1251D01AE8D38E00FA493E /* MLNeuralNetwork.h */,
				8C1251D11AE8D38E00FA493E /* MLNeuralNetwork.m */,
				8C1251D51AE8D38E00FA493E /* MLNeuralNetworkStatus.h */,
				8C1251CB1AE8D38E00FA493E /* MLActivationFunctionType.h */,
				8C1251CE1AE8D38E00FA493E /* MLLayer.h */,
				8C1251CF1AE8D38E00FA493E /* MLLayer.m */,
				8C1251CC1AE8D38E00FA493E /* MLInputLayer.h */,
				8C1251CD1AE8D38E00FA493E /* MLInputLayer.m */,
				8C1251D81AE8D38E00FA493E /* MLNeuronLayer.h */,
				8C1251D91AE8D38E00FA493E /* MLNeuronLayer.m */,
				8C1251D61AE8D38E00FA493E /* MLNeuron.h */,
				8C1251D71AE8D38E00FA493E /* MLNeuron.m */,
				8C1251D21AE8D38E00FA493E /* MLNeuralNetworkException.h */,
				8C1251D31AE8D38E00FA493E /* MLNeuralNetworkException.m */,
			);
			path = NeuralNets;
			sourceTree = "<group>";
		};
		8C1251E91AE8D48B00FA493E /* BagOfWords */ = {
			isa = PBXGroup;
			children = (
				8C1251EA1AE8D4BE00FA493E /* MLBagOfWords.h */,
				8C1251EB1AE8D4BE00FA493E /* MLBagOfWords.m */,
				8C94CC001AE91CEE00A0A328 /* MLWordExtractorType.h */,
				8CC9E4DB1AE9843B002659EA /* MLWordExtractorOption.h */,
				8C94CBFE1AE91C0800A0A328 /* MLFeatureNormalizationType.h */,
				8CF8D5501AFF732F008FA0AC /* MLWordDictionary.h */,
				8CF8D5511AFF732F008FA0AC /* MLWordDictionary.m */,
				8CF8D54C1AFF6CE0008FA0AC /* MLWordInfo.h */,
				8CF8D54D1AFF6CE0008FA0AC /* MLWordInfo.m */,
				8C58A30C1AECD275006AB74D /* MLTextFragment.h */,
				8C58A30D1AECD275006AB74D /* MLTextFragment.m */,
				8C58A31B1AECDF9D006AB74D /* MLStopWords.h */,
				8CC9E4E41AE98DAE002659EA /* MLBagOfWordsException.h */,
				8CC9E4E51AE98DAE002659EA /* MLBagOfWordsException.m */,
				8CC9E4DD1AE985F4002659EA /* NSString+WordUtils.h */,
				8CC9E4DE1AE985F4002659EA /* NSString+WordUtils.m */,
			);
			path = BagOfWords;
			sourceTree = "<group>";
		};
		8C4CEF0E1ADAC51200F1E139 = {
			isa = PBXGroup;
			children = (
				8C4CEF1A1ADAC51200F1E139 /* MAChineLearning */,
				8CA8CE8A1AF75074006D5351 /* Word2vec */,
				8C4CEF581ADACE4500F1E139 /* LICENSE */,
				8C4CEF591ADACE4500F1E139 /* README.md */,
				8CF961F91AF66C240071A995 /* NeuralNets.md */,
				8CF961FA1AF66FEE0071A995 /* BagOfWords.md */,
				8C4CEF5E1ADAED9300F1E139 /* 3-Input Perceptron.png */,
				8C4CEF5F1ADAED9300F1E139 /* Network States.png */,
				8CF961FC1AF690420071A995 /* Bag Of Words Norm Example.png */,
				8C4CEF271ADAC51200F1E139 /* MAChineLearningTests */,
				8C58A3151AECDAA3006AB74D /* StopWordsGen */,
				8C4CEF191ADAC51200F1E139 /* Products */,
			);
			sourceTree = "<group>";
		};
		8C4CEF191ADAC51200F1E139 /* Products */ = {
			isa = PBXGroup;
			children = (
				8C4CEF181ADAC51200F1E139 /* MAChineLearning.framework */,
				8C4CEF231ADAC51200F1E139 /* MAChineLearningTests.xctest */,
				8C58A3141AECDAA3006AB74D /* StopWordsGen */,
				8CA8CE891AF75074006D5351 /* Word2vec */,
			);
			name = Products;
			sourceTree = "<group>";
		};
		8C4CEF1A1ADAC51200F1E139 /* MAChineLearning */ = {
			isa = PBXGroup;
			children = (
				8C4CEF1D1ADAC51200F1E139 /* MAChineLearning.h */,
				8CC9E4E11AE9887D002659EA /* Commons */,
				8C1251CA1AE8D2FF00FA493E /* NeuralNets */,
				8C1251E91AE8D48B00FA493E /* BagOfWords */,
				8CF8D52B1AFF3C9B008FA0AC /* Utils */,
				8C4CEF1B1ADAC51200F1E139 /* Supporting Files */,
			);
			path = MAChineLearning;
			sourceTree = "<group>";
		};
		8C4CEF1B1ADAC51200F1E139 /* Supporting Files */ = {
			isa = PBXGroup;
			children = (
				8C4CEF1C1ADAC51200F1E139 /* Info.plist */,
			);
			name = "Supporting Files";
			sourceTree = "<group>";
		};
		8C4CEF271ADAC51200F1E139 /* MAChineLearningTests */ = {
			isa = PBXGroup;
			children = (
				8C4CEF2A1ADAC51200F1E139 /* NeuralNetTests.m */,
				8C58A31D1AED4DE8006AB74D /* BagOfWordsTests.m */,
				8C4E43A21AE56DCF005FD73D /* MAChineLearningTests-Bridging-Header.h */,
				8C4E43A31AE56DCF005FD73D /* NeuralNetSwiftTests.swift */,
				8C4CEF281ADAC51200F1E139 /* Supporting Files */,
			);
			path = MAChineLearningTests;
			sourceTree = "<group>";
		};
		8C4CEF281ADAC51200F1E139 /* Supporting Files */ = {
			isa = PBXGroup;
			children = (
				8C4CEF291ADAC51200F1E139 /* Info.plist */,
			);
			name = "Supporting Files";
			sourceTree = "<group>";
		};
		8C58A3151AECDAA3006AB74D /* StopWordsGen */ = {
			isa = PBXGroup;
			children = (
				8C58A3161AECDAA3006AB74D /* main.m */,
			);
			path = StopWordsGen;
			sourceTree = "<group>";
		};
		8CA8CE8A1AF75074006D5351 /* Word2vec */ = {
			isa = PBXGroup;
			children = (
				8CA8CE8B1AF75074006D5351 /* main.m */,
			);
			path = Word2vec;
			sourceTree = "<group>";
		};
		8CC9E4E11AE9887D002659EA /* Commons */ = {
			isa = PBXGroup;
			children = (
				8CC9E4E21AE988AE002659EA /* MLReal.h */,
				8CC9E4EA1AE990AA002659EA /* MLConstants.h */,
			);
			path = Commons;
			sourceTree = "<group>";
		};
		8CF8D52B1AFF3C9B008FA0AC /* Utils */ = {
			isa = PBXGroup;
			children = (
				8CF8D52C1AFF3CD8008FA0AC /* IOLineReader.h */,
				8CF8D52D1AFF3CD8008FA0AC /* IOLineReader.m */,
				8CF8D5301AFF3E76008FA0AC /* IOLineWriter.h */,
				8CF8D5311AFF3E76008FA0AC /* IOLineWriter.m */,
			);
			path = Utils;
			sourceTree = "<group>";
		};
/* End PBXGroup section */

/* Begin PBXHeadersBuildPhase section */
		8C4CEF151ADAC51200F1E139 /* Headers */ = {
			isa = PBXHeadersBuildPhase;
			buildActionMask = 2147483647;
			files = (
				8C4CEF1E1ADAC51200F1E139 /* MAChineLearning.h in Headers */,
				8CC9E4E31AE988AE002659EA /* MLReal.h in Headers */,
				8C58A30E1AECD275006AB74D /* MLTextFragment.h in Headers */,
				8CC9E4EB1AE9981D002659EA /* MLConstants.h in Headers */,
				8C1251DF1AE8D38E00FA493E /* MLNeuralNetwork.h in Headers */,
				8C1251E41AE8D38E00FA493E /* MLNeuralNetworkStatus.h in Headers */,
				8C1251DA1AE8D38E00FA493E /* MLActivationFunctionType.h in Headers */,
				8C1251DD1AE8D38E00FA493E /* MLLayer.h in Headers */,
				8C1251DB1AE8D38E00FA493E /* MLInputLayer.h in Headers */,
				8C1251E71AE8D38E00FA493E /* MLNeuronLayer.h in Headers */,
				8CF8D5521AFF732F008FA0AC /* MLWordDictionary.h in Headers */,
				8C1251E51AE8D38E00FA493E /* MLNeuron.h in Headers */,
				8CF8D54E1AFF6CE0008FA0AC /* MLWordInfo.h in Headers */,
				8C1251E11AE8D38E00FA493E /* MLNeuralNetworkException.h in Headers */,
				8C1251EC1AE8D4BE00FA493E /* MLBagOfWords.h in Headers */,
				8C94CC011AE91CEE00A0A328 /* MLWordExtractorType.h in Headers */,
				8CF8D5321AFF3E76008FA0AC /* IOLineWriter.h in Headers */,
				8CC9E4DC1AE9843B002659EA /* MLWordExtractorOption.h in Headers */,
				8CF8D52E1AFF3CD8008FA0AC /* IOLineReader.h in Headers */,
				8C94CBFF1AE91C0800A0A328 /* MLFeatureNormalizationType.h in Headers */,
				8CC9E4E61AE98DAE002659EA /* MLBagOfWordsException.h in Headers */,
				8C58A31C1AECECC5006AB74D /* MLStopWords.h in Headers */,
				8CC9E4DF1AE985F4002659EA /* NSString+WordUtils.h in Headers */,
			);
			runOnlyForDeploymentPostprocessing = 0;
		};
/* End PBXHeadersBuildPhase section */

/* Begin PBXNativeTarget section */
		8C4CEF171ADAC51200F1E139 /* MAChineLearning */ = {
			isa = PBXNativeTarget;
			buildConfigurationList = 8C4CEF2E1ADAC51200F1E139 /* Build configuration list for PBXNativeTarget "MAChineLearning" */;
			buildPhases = (
				8C4CEF131ADAC51200F1E139 /* Sources */,
				8C4CEF141ADAC51200F1E139 /* Frameworks */,
				8C4CEF151ADAC51200F1E139 /* Headers */,
				8C4CEF161ADAC51200F1E139 /* Resources */,
			);
			buildRules = (
			);
			dependencies = (
			);
			name = MAChineLearning;
			productName = MAChineLearning;
			productReference = 8C4CEF181ADAC51200F1E139 /* MAChineLearning.framework */;
			productType = "com.apple.product-type.framework";
		};
		8C4CEF221ADAC51200F1E139 /* MAChineLearningTests */ = {
			isa = PBXNativeTarget;
			buildConfigurationList = 8C4CEF311ADAC51200F1E139 /* Build configuration list for PBXNativeTarget "MAChineLearningTests" */;
			buildPhases = (
				8C4CEF1F1ADAC51200F1E139 /* Sources */,
				8C4CEF201ADAC51200F1E139 /* Frameworks */,
				8C4CEF211ADAC51200F1E139 /* Resources */,
			);
			buildRules = (
			);
			dependencies = (
				8C4CEF261ADAC51200F1E139 /* PBXTargetDependency */,
			);
			name = MAChineLearningTests;
			productName = MAChineLearningTests;
			productReference = 8C4CEF231ADAC51200F1E139 /* MAChineLearningTests.xctest */;
			productType = "com.apple.product-type.bundle.unit-test";
		};
		8C58A3131AECDAA3006AB74D /* StopWordsGen */ = {
			isa = PBXNativeTarget;
			buildConfigurationList = 8C58A3181AECDAA3006AB74D /* Build configuration list for PBXNativeTarget "StopWordsGen" */;
			buildPhases = (
				8C58A3101AECDAA3006AB74D /* Sources */,
				8C58A3111AECDAA3006AB74D /* Frameworks */,
				8C58A3121AECDAA3006AB74D /* CopyFiles */,
			);
			buildRules = (
			);
			dependencies = (
			);
			name = StopWordsGen;
			productName = StopWordsGen;
			productReference = 8C58A3141AECDAA3006AB74D /* StopWordsGen */;
			productType = "com.apple.product-type.tool";
		};
		8CA8CE881AF75074006D5351 /* Word2vec */ = {
			isa = PBXNativeTarget;
			buildConfigurationList = 8CA8CE8D1AF75074006D5351 /* Build configuration list for PBXNativeTarget "Word2vec" */;
			buildPhases = (
				8CA8CE851AF75074006D5351 /* Sources */,
				8CA8CE861AF75074006D5351 /* Frameworks */,
				8CA8CE871AF75074006D5351 /* CopyFiles */,
			);
			buildRules = (
			);
			dependencies = (
			);
			name = Word2vec;
			productName = Word2vec;
			productReference = 8CA8CE891AF75074006D5351 /* Word2vec */;
			productType = "com.apple.product-type.tool";
		};
/* End PBXNativeTarget section */

/* Begin PBXProject section */
		8C4CEF0F1ADAC51200F1E139 /* Project object */ = {
			isa = PBXProject;
			attributes = {
				LastUpgradeCheck = 0630;
				ORGANIZATIONNAME = "Gianluca Bertani";
				TargetAttributes = {
					8C4CEF171ADAC51200F1E139 = {
						CreatedOnToolsVersion = 6.3;
					};
					8C4CEF221ADAC51200F1E139 = {
						CreatedOnToolsVersion = 6.3;
					};
					8C58A3131AECDAA3006AB74D = {
						CreatedOnToolsVersion = 6.3.1;
					};
					8CA8CE881AF75074006D5351 = {
						CreatedOnToolsVersion = 6.3.1;
					};
				};
			};
			buildConfigurationList = 8C4CEF121ADAC51200F1E139 /* Build configuration list for PBXProject "MAChineLearning" */;
			compatibilityVersion = "Xcode 3.2";
			developmentRegion = English;
			hasScannedForEncodings = 0;
			knownRegions = (
				en,
			);
			mainGroup = 8C4CEF0E1ADAC51200F1E139;
			productRefGroup = 8C4CEF191ADAC51200F1E139 /* Products */;
			projectDirPath = "";
			projectRoot = "";
			targets = (
				8C4CEF171ADAC51200F1E139 /* MAChineLearning */,
				8CA8CE881AF75074006D5351 /* Word2vec */,
				8C4CEF221ADAC51200F1E139 /* MAChineLearningTests */,
				8C58A3131AECDAA3006AB74D /* StopWordsGen */,
			);
		};
/* End PBXProject section */

/* Begin PBXResourcesBuildPhase section */
		8C4CEF161ADAC51200F1E139 /* Resources */ = {
			isa = PBXResourcesBuildPhase;
			buildActionMask = 2147483647;
			files = (
			);
			runOnlyForDeploymentPostprocessing = 0;
		};
		8C4CEF211ADAC51200F1E139 /* Resources */ = {
			isa = PBXResourcesBuildPhase;
			buildActionMask = 2147483647;
			files = (
			);
			runOnlyForDeploymentPostprocessing = 0;
		};
/* End PBXResourcesBuildPhase section */

/* Begin PBXSourcesBuildPhase section */
		8C4CEF131ADAC51200F1E139 /* Sources */ = {
			isa = PBXSourcesBuildPhase;
			buildActionMask = 2147483647;
			files = (
				8C1251DC1AE8D38E00FA493E /* MLInputLayer.m in Sources */,
				8CC9E4E71AE98DAE002659EA /* MLBagOfWordsException.m in Sources */,
				8C1251DE1AE8D38E00FA493E /* MLLayer.m in Sources */,
				8C1251ED1AE8D4BE00FA493E /* MLBagOfWords.m in Sources */,
				8CF8D5331AFF3E76008FA0AC /* IOLineWriter.m in Sources */,
				8C1251E61AE8D38E00FA493E /* MLNeuron.m in Sources */,
				8C1251E01AE8D38E00FA493E /* MLNeuralNetwork.m in Sources */,
				8CF8D5531AFF732F008FA0AC /* MLWordDictionary.m in Sources */,
				8C1251E81AE8D38E00FA493E /* MLNeuronLayer.m in Sources */,
				8C1251E21AE8D38E00FA493E /* MLNeuralNetworkException.m in Sources */,
				8C58A30F1AECD275006AB74D /* MLTextFragment.m in Sources */,
				8CF8D52F1AFF3CD8008FA0AC /* IOLineReader.m in Sources */,
				8CF8D54F1AFF6CE0008FA0AC /* MLWordInfo.m in Sources */,
				8CC9E4E01AE985F4002659EA /* NSString+WordUtils.m in Sources */,
			);
			runOnlyForDeploymentPostprocessing = 0;
		};
		8C4CEF1F1ADAC51200F1E139 /* Sources */ = {
			isa = PBXSourcesBuildPhase;
			buildActionMask = 2147483647;
			files = (
				8C76573E1B01E89D00D248A6 /* NeuralNetSwiftTests.swift in Sources */,
				8C4CEF2B1ADAC51200F1E139 /* NeuralNetTests.m in Sources */,
				8C58A31E1AED4DE8006AB74D /* BagOfWordsTests.m in Sources */,
			);
			runOnlyForDeploymentPostprocessing = 0;
		};
		8C58A3101AECDAA3006AB74D /* Sources */ = {
			isa = PBXSourcesBuildPhase;
			buildActionMask = 2147483647;
			files = (
				8C58A3171AECDAA3006AB74D /* main.m in Sources */,
			);
			runOnlyForDeploymentPostprocessing = 0;
		};
		8CA8CE851AF75074006D5351 /* Sources */ = {
			isa = PBXSourcesBuildPhase;
			buildActionMask = 2147483647;
			files = (
				8CA8CE8C1AF75074006D5351 /* main.m in Sources */,
			);
			runOnlyForDeploymentPostprocessing = 0;
		};
/* End PBXSourcesBuildPhase section */

/* Begin PBXTargetDependency section */
		8C4CEF261ADAC51200F1E139 /* PBXTargetDependency */ = {
			isa = PBXTargetDependency;
			target = 8C4CEF171ADAC51200F1E139 /* MAChineLearning */;
			targetProxy = 8C4CEF251ADAC51200F1E139 /* PBXContainerItemProxy */;
		};
/* End PBXTargetDependency section */

/* Begin XCBuildConfiguration section */
		8C4CEF2C1ADAC51200F1E139 /* Debug */ = {
			isa = XCBuildConfiguration;
			buildSettings = {
				ALWAYS_SEARCH_USER_PATHS = NO;
				CLANG_CXX_LANGUAGE_STANDARD = "gnu++0x";
				CLANG_CXX_LIBRARY = "libc++";
				CLANG_ENABLE_MODULES = YES;
				CLANG_ENABLE_OBJC_ARC = YES;
				CLANG_WARN_BOOL_CONVERSION = YES;
				CLANG_WARN_CONSTANT_CONVERSION = YES;
				CLANG_WARN_DIRECT_OBJC_ISA_USAGE = YES_ERROR;
				CLANG_WARN_EMPTY_BODY = YES;
				CLANG_WARN_ENUM_CONVERSION = YES;
				CLANG_WARN_INT_CONVERSION = YES;
				CLANG_WARN_OBJC_ROOT_CLASS = YES_ERROR;
				CLANG_WARN_UNREACHABLE_CODE = YES;
				CLANG_WARN__DUPLICATE_METHOD_MATCH = YES;
				COPY_PHASE_STRIP = NO;
				CURRENT_PROJECT_VERSION = 1;
				DEBUG_INFORMATION_FORMAT = dwarf;
				ENABLE_STRICT_OBJC_MSGSEND = YES;
				GCC_C_LANGUAGE_STANDARD = gnu99;
				GCC_DYNAMIC_NO_PIC = NO;
				GCC_NO_COMMON_BLOCKS = YES;
				GCC_OPTIMIZATION_LEVEL = 0;
				GCC_PREPROCESSOR_DEFINITIONS = (
					"DEBUG=1",
					"$(inherited)",
				);
				GCC_SYMBOLS_PRIVATE_EXTERN = NO;
				GCC_WARN_64_TO_32_BIT_CONVERSION = YES;
				GCC_WARN_ABOUT_RETURN_TYPE = YES_ERROR;
				GCC_WARN_UNDECLARED_SELECTOR = YES;
				GCC_WARN_UNINITIALIZED_AUTOS = YES_AGGRESSIVE;
				GCC_WARN_UNUSED_FUNCTION = YES;
				GCC_WARN_UNUSED_VARIABLE = YES;
				MACOSX_DEPLOYMENT_TARGET = 10.9;
				MTL_ENABLE_DEBUG_INFO = YES;
				ONLY_ACTIVE_ARCH = YES;
				SDKROOT = macosx;
				VERSIONING_SYSTEM = "apple-generic";
				VERSION_INFO_PREFIX = "";
			};
			name = Debug;
		};
		8C4CEF2D1ADAC51200F1E139 /* Release */ = {
			isa = XCBuildConfiguration;
			buildSettings = {
				ALWAYS_SEARCH_USER_PATHS = NO;
				CLANG_CXX_LANGUAGE_STANDARD = "gnu++0x";
				CLANG_CXX_LIBRARY = "libc++";
				CLANG_ENABLE_MODULES = YES;
				CLANG_ENABLE_OBJC_ARC = YES;
				CLANG_WARN_BOOL_CONVERSION = YES;
				CLANG_WARN_CONSTANT_CONVERSION = YES;
				CLANG_WARN_DIRECT_OBJC_ISA_USAGE = YES_ERROR;
				CLANG_WARN_EMPTY_BODY = YES;
				CLANG_WARN_ENUM_CONVERSION = YES;
				CLANG_WARN_INT_CONVERSION = YES;
				CLANG_WARN_OBJC_ROOT_CLASS = YES_ERROR;
				CLANG_WARN_UNREACHABLE_CODE = YES;
				CLANG_WARN__DUPLICATE_METHOD_MATCH = YES;
				COPY_PHASE_STRIP = NO;
				CURRENT_PROJECT_VERSION = 1;
				DEBUG_INFORMATION_FORMAT = "dwarf-with-dsym";
				ENABLE_NS_ASSERTIONS = NO;
				ENABLE_STRICT_OBJC_MSGSEND = YES;
				GCC_C_LANGUAGE_STANDARD = gnu99;
				GCC_NO_COMMON_BLOCKS = YES;
				GCC_WARN_64_TO_32_BIT_CONVERSION = YES;
				GCC_WARN_ABOUT_RETURN_TYPE = YES_ERROR;
				GCC_WARN_UNDECLARED_SELECTOR = YES;
				GCC_WARN_UNINITIALIZED_AUTOS = YES_AGGRESSIVE;
				GCC_WARN_UNUSED_FUNCTION = YES;
				GCC_WARN_UNUSED_VARIABLE = YES;
				MACOSX_DEPLOYMENT_TARGET = 10.9;
				MTL_ENABLE_DEBUG_INFO = NO;
				SDKROOT = macosx;
				VERSIONING_SYSTEM = "apple-generic";
				VERSION_INFO_PREFIX = "";
			};
			name = Release;
		};
		8C4CEF2F1ADAC51200F1E139 /* Debug */ = {
			isa = XCBuildConfiguration;
			buildSettings = {
				COMBINE_HIDPI_IMAGES = YES;
				DEFINES_MODULE = YES;
				DYLIB_COMPATIBILITY_VERSION = 1;
				DYLIB_CURRENT_VERSION = 1;
				DYLIB_INSTALL_NAME_BASE = "@rpath";
				FRAMEWORK_VERSION = A;
				INFOPLIST_FILE = MAChineLearning/Info.plist;
				INSTALL_PATH = "$(LOCAL_LIBRARY_DIR)/Frameworks";
				LD_RUNPATH_SEARCH_PATHS = "$(inherited) @executable_path/../Frameworks @loader_path/Frameworks";
				PRODUCT_NAME = "$(TARGET_NAME)";
				SKIP_INSTALL = YES;
			};
			name = Debug;
		};
		8C4CEF301ADAC51200F1E139 /* Release */ = {
			isa = XCBuildConfiguration;
			buildSettings = {
				COMBINE_HIDPI_IMAGES = YES;
				DEFINES_MODULE = YES;
				DYLIB_COMPATIBILITY_VERSION = 1;
				DYLIB_CURRENT_VERSION = 1;
				DYLIB_INSTALL_NAME_BASE = "@rpath";
				FRAMEWORK_VERSION = A;
				INFOPLIST_FILE = MAChineLearning/Info.plist;
				INSTALL_PATH = "$(LOCAL_LIBRARY_DIR)/Frameworks";
				LD_RUNPATH_SEARCH_PATHS = "$(inherited) @executable_path/../Frameworks @loader_path/Frameworks";
				PRODUCT_NAME = "$(TARGET_NAME)";
				SKIP_INSTALL = YES;
			};
			name = Release;
		};
		8C4CEF321ADAC51200F1E139 /* Debug */ = {
			isa = XCBuildConfiguration;
			buildSettings = {
				CLANG_ENABLE_MODULES = YES;
				COMBINE_HIDPI_IMAGES = YES;
				FRAMEWORK_SEARCH_PATHS = (
					"$(DEVELOPER_FRAMEWORKS_DIR)",
					"$(inherited)",
				);
				GCC_PREPROCESSOR_DEFINITIONS = (
					"DEBUG=1",
					"$(inherited)",
				);
				INFOPLIST_FILE = MAChineLearningTests/Info.plist;
				LD_RUNPATH_SEARCH_PATHS = "$(inherited) @executable_path/../Frameworks @loader_path/../Frameworks";
				PRODUCT_NAME = "$(TARGET_NAME)";
				SWIFT_OBJC_BRIDGING_HEADER = "MAChineLearningTests/MAChineLearningTests-Bridging-Header.h";
				SWIFT_OPTIMIZATION_LEVEL = "-Onone";
			};
			name = Debug;
		};
		8C4CEF331ADAC51200F1E139 /* Release */ = {
			isa = XCBuildConfiguration;
			buildSettings = {
				CLANG_ENABLE_MODULES = YES;
				COMBINE_HIDPI_IMAGES = YES;
				FRAMEWORK_SEARCH_PATHS = (
					"$(DEVELOPER_FRAMEWORKS_DIR)",
					"$(inherited)",
				);
				INFOPLIST_FILE = MAChineLearningTests/Info.plist;
				LD_RUNPATH_SEARCH_PATHS = "$(inherited) @executable_path/../Frameworks @loader_path/../Frameworks";
				PRODUCT_NAME = "$(TARGET_NAME)";
				SWIFT_OBJC_BRIDGING_HEADER = "MAChineLearningTests/MAChineLearningTests-Bridging-Header.h";
			};
			name = Release;
		};
		8C58A3191AECDAA3006AB74D /* Debug */ = {
			isa = XCBuildConfiguration;
			buildSettings = {
				GCC_PREPROCESSOR_DEFINITIONS = (
					"DEBUG=1",
					"$(inherited)",
				);
				MACOSX_DEPLOYMENT_TARGET = 10.10;
				PRODUCT_NAME = "$(TARGET_NAME)";
			};
			name = Debug;
		};
		8C58A31A1AECDAA3006AB74D /* Release */ = {
			isa = XCBuildConfiguration;
			buildSettings = {
				MACOSX_DEPLOYMENT_TARGET = 10.10;
				PRODUCT_NAME = "$(TARGET_NAME)";
			};
			name = Release;
		};
		8CA8CE8E1AF75074006D5351 /* Debug */ = {
			isa = XCBuildConfiguration;
			buildSettings = {
				GCC_PREPROCESSOR_DEFINITIONS = (
					"DEBUG=1",
					"$(inherited)",
				);
				MACOSX_DEPLOYMENT_TARGET = 10.10;
				PRODUCT_NAME = "$(TARGET_NAME)";
			};
			name = Debug;
		};
		8CA8CE8F1AF75074006D5351 /* Release */ = {
			isa = XCBuildConfiguration;
			buildSettings = {
				MACOSX_DEPLOYMENT_TARGET = 10.10;
				PRODUCT_NAME = "$(TARGET_NAME)";
			};
			name = Release;
		};
/* End XCBuildConfiguration section */

/* Begin XCConfigurationList section */
		8C4CEF121ADAC51200F1E139 /* Build configuration list for PBXProject "MAChineLearning" */ = {
			isa = XCConfigurationList;
			buildConfigurations = (
				8C4CEF2C1ADAC51200F1E139 /* Debug */,
				8C4CEF2D1ADAC51200F1E139 /* Release */,
			);
			defaultConfigurationIsVisible = 0;
			defaultConfigurationName = Release;
		};
		8C4CEF2E1ADAC51200F1E139 /* Build configuration list for PBXNativeTarget "MAChineLearning" */ = {
			isa = XCConfigurationList;
			buildConfigurations = (
				8C4CEF2F1ADAC51200F1E139 /* Debug */,
				8C4CEF301ADAC51200F1E139 /* Release */,
			);
			defaultConfigurationIsVisible = 0;
			defaultConfigurationName = Release;
		};
		8C4CEF311ADAC51200F1E139 /* Build configuration list for PBXNativeTarget "MAChineLearningTests" */ = {
			isa = XCConfigurationList;
			buildConfigurations = (
				8C4CEF321ADAC51200F1E139 /* Debug */,
				8C4CEF331ADAC51200F1E139 /* Release */,
			);
			defaultConfigurationIsVisible = 0;
			defaultConfigurationName = Release;
		};
		8C58A3181AECDAA3006AB74D /* Build configuration list for PBXNativeTarget "StopWordsGen" */ = {
			isa = XCConfigurationList;
			buildConfigurations = (
				8C58A3191AECDAA3006AB74D /* Debug */,
				8C58A31A1AECDAA3006AB74D /* Release */,
			);
			defaultConfigurationIsVisible = 0;
			defaultConfigurationName = Release;
		};
		8CA8CE8D1AF75074006D5351 /* Build configuration list for PBXNativeTarget "Word2vec" */ = {
			isa = XCConfigurationList;
			buildConfigurations = (
				8CA8CE8E1AF75074006D5351 /* Debug */,
				8CA8CE8F1AF75074006D5351 /* Release */,
			);
			defaultConfigurationIsVisible = 0;
			defaultConfigurationName = Release;
		};
/* End XCConfigurationList section */
	};
	rootObject = 8C4CEF0F1ADAC51200F1E139 /* Project object */;
}
